dependencies:
- name: redis
  repository: https://charts.bitnami.com/bitnami
  version: 18.9.1
- name: redis
  repository: https://charts.bitnami.com/bitnami
  version: 18.9.1
- name: postgresql
  repository: https://charts.bitnami.com/bitnami
  version: 13.4.3
- name: grafana
  repository: https://grafana.github.io/helm-charts
  version: 7.3.0
- name: minio
  repository: https://charts.bitnami.com/bitnami
  version: 14.8.2
- name: cert-manager
  repository: https://charts.jetstack.io
  version: v1.14.4
- name: common
  repository: oci://registry-1.docker.io/bitnamicharts
  version: 2.31.3
- name: blobcache
  repository: file:///home/thales/beam/blobcache-v2/deploy/charts/blobcache
  version: 0.1.2
digest: sha256:b7cddca54d776cb1a799bc14b83e7527f8d369a8bee2fdf00471729c1aac754a
generated: "2025-07-08T16:44:30.883369878-03:00"
